
Microsoft Visual Studio Solution File, Format Version 12.00
Project("{FAE04EC0-301F-11D3-BF4B-00C04F79EFBC}") = "Analyzers1", "Analyzers1\Analyzers1\Analyzers1.csproj", "{BD463114-D554-4AF9-B31A-5018BF2CEDD3}"
EndProject
Project("{FAE04EC0-301F-11D3-BF4B-00C04F79EFBC}") = "Analyzers1.Sample", "Analyzers1\Analyzers1.Sample\Analyzers1.Sample.csproj", "{691F731A-DCD3-4883-9DDD-7C4D580001A1}"
EndProject
Global
	GlobalSection(SolutionConfigurationPlatforms) = preSolution
		Debug|Any CPU = Debug|Any CPU
		Release|Any CPU = Release|Any CPU
	EndGlobalSection
	GlobalSection(ProjectConfigurationPlatforms) = postSolution
		{BD463114-D554-4AF9-B31A-5018BF2CEDD3}.Debug|Any CPU.ActiveCfg = Debug|Any CPU
		{BD463114-D554-4AF9-B31A-5018BF2CEDD3}.Debug|Any CPU.Build.0 = Debug|Any CPU
		{BD463114-D554-4AF9-B31A-5018BF2CEDD3}.Release|Any CPU.ActiveCfg = Release|Any CPU
		{BD463114-D554-4AF9-B31A-5018BF2CEDD3}.Release|Any CPU.Build.0 = Release|Any CPU
		{691F731A-DCD3-4883-9DDD-7C4D580001A1}.Debug|Any CPU.ActiveCfg = Debug|Any CPU
		{691F731A-DCD3-4883-9DDD-7C4D580001A1}.Debug|Any CPU.Build.0 = Debug|Any CPU
		{691F731A-DCD3-4883-9DDD-7C4D580001A1}.Release|Any CPU.ActiveCfg = Release|Any CPU
		{691F731A-DCD3-4883-9DDD-7C4D580001A1}.Release|Any CPU.Build.0 = Release|Any CPU
	EndGlobalSection
EndGlobal
